// !$*UTF8*$!
{
	archiveVersion = 1;
	classes = {
	};
	objectVersion = 50;
	objects = {

/* Begin PBXBuildFile section */
		01EAE717209269B0007DEBCE /* main.cpp in Sources */ = {isa = PBXBuildFile; fileRef = 01EAE716209269B0007DEBCE /* main.cpp */; };
		01EAE72620928915007DEBCE /* libfbxsdk.dylib in Frameworks */ = {isa = PBXBuildFile; fileRef = 01EAE71E20926A82007DEBCE /* libfbxsdk.dylib */; };
		01EAE72720928921007DEBCE /* libfbxsdk.dylib in Frameworks */ = {isa = PBXBuildFile; fileRef = 01EAE72020926A8E007DEBCE /* libfbxsdk.dylib */; };
		01EAE72A20928C11007DEBCE /* FBXHandler_TESTING.cpp in Sources */ = {isa = PBXBuildFile; fileRef = 01EAE72920928C11007DEBCE /* FBXHandler_TESTING.cpp */; };
/* End PBXBuildFile section */

/* Begin PBXCopyFilesBuildPhase section */
		01EAE711209269B0007DEBCE /* CopyFiles */ = {
			isa = PBXCopyFilesBuildPhase;
			buildActionMask = 12;
			dstPath = "";
			dstSubfolderSpec = 6;
			files = (
			);
			runOnlyForDeploymentPostprocessing = 0;
		};
/* End PBXCopyFilesBuildPhase section */

/* Begin PBXFileReference section */
		01EAE713209269B0007DEBCE /* TestingCPP */ = {isa = PBXFileReference; explicitFileType = "compiled.mach-o.executable"; includeInIndex = 0; path = TestingCPP; sourceTree = BUILT_PRODUCTS_DIR; };
		01EAE716209269B0007DEBCE /* main.cpp */ = {isa = PBXFileReference; lastKnownFileType = sourcecode.cpp.cpp; path = main.cpp; sourceTree = "<group>"; };
		01EAE71E20926A82007DEBCE /* libfbxsdk.dylib */ = {isa = PBXFileReference; lastKnownFileType = "compiled.mach-o.dylib"; name = libfbxsdk.dylib; path = "../../../../../../Applications/Autodesk/FBX SDK/2018.1.1/lib/clang/debug/libfbxsdk.dylib"; sourceTree = "<group>"; };
		01EAE72020926A8E007DEBCE /* libfbxsdk.dylib */ = {isa = PBXFileReference; lastKnownFileType = "compiled.mach-o.dylib"; name = libfbxsdk.dylib; path = "../../../../../../Applications/Autodesk/FBX SDK/2018.1.1/lib/clang/release/libfbxsdk.dylib"; sourceTree = "<group>"; };
		01EAE72820928C11007DEBCE /* FBXHandler_TESTING.h */ = {isa = PBXFileReference; fileEncoding = 4; lastKnownFileType = sourcecode.c.h; path = FBXHandler_TESTING.h; sourceTree = "<group>"; };
		01EAE72920928C11007DEBCE /* FBXHandler_TESTING.cpp */ = {isa = PBXFileReference; fileEncoding = 4; lastKnownFileType = sourcecode.cpp.cpp; path = FBXHandler_TESTING.cpp; sourceTree = "<group>"; };
		01EAE72B2092903F007DEBCE /* SystemConfiguration.framework */ = {isa = PBXFileReference; lastKnownFileType = wrapper.framework; name = SystemConfiguration.framework; path = System/Library/Frameworks/SystemConfiguration.framework; sourceTree = SDKROOT; };
		01EAE72D20929045007DEBCE /* GLUT.framework */ = {isa = PBXFileReference; lastKnownFileType = wrapper.framework; name = GLUT.framework; path = System/Library/Frameworks/GLUT.framework; sourceTree = SDKROOT; };
/* End PBXFileReference section */

/* Begin PBXFrameworksBuildPhase section */
		01EAE710209269B0007DEBCE /* Frameworks */ = {
			isa = PBXFrameworksBuildPhase;
			buildActionMask = 2147483647;
			files = (
				01EAE72720928921007DEBCE /* libfbxsdk.dylib in Frameworks */,
				01EAE72620928915007DEBCE /* libfbxsdk.dylib in Frameworks */,
			);
			runOnlyForDeploymentPostprocessing = 0;
		};
/* End PBXFrameworksBuildPhase section */

/* Begin PBXGroup section */
		01EAE70A209269B0007DEBCE = {
			isa = PBXGroup;
			children = (
				01EAE715209269B0007DEBCE /* TestingCPP */,
				01EAE714209269B0007DEBCE /* Products */,
				01EAE71D20926A82007DEBCE /* Frameworks */,
			);
			sourceTree = "<group>";
		};
		01EAE714209269B0007DEBCE /* Products */ = {
			isa = PBXGroup;
			children = (
				01EAE713209269B0007DEBCE /* TestingCPP */,
			);
			name = Products;
			sourceTree = "<group>";
		};
		01EAE715209269B0007DEBCE /* TestingCPP */ = {
			isa = PBXGroup;
			children = (
				01EAE72920928C11007DEBCE /* FBXHandler_TESTING.cpp */,
				01EAE72820928C11007DEBCE /* FBXHandler_TESTING.h */,
				01EAE716209269B0007DEBCE /* main.cpp */,
			);
			path = TestingCPP;
			sourceTree = "<group>";
		};
		01EAE71D20926A82007DEBCE /* Frameworks */ = {
			isa = PBXGroup;
			children = (
				01EAE72D20929045007DEBCE /* GLUT.framework */,
				01EAE72B2092903F007DEBCE /* SystemConfiguration.framework */,
				01EAE72020926A8E007DEBCE /* libfbxsdk.dylib */,
				01EAE71E20926A82007DEBCE /* libfbxsdk.dylib */,
			);
			name = Frameworks;
			sourceTree = "<group>";
		};
/* End PBXGroup section */

/* Begin PBXNativeTarget section */
		01EAE712209269B0007DEBCE /* TestingCPP */ = {
			isa = PBXNativeTarget;
			buildConfigurationList = 01EAE71A209269B0007DEBCE /* Build configuration list for PBXNativeTarget "TestingCPP" */;
			buildPhases = (
				01EAE70F209269B0007DEBCE /* Sources */,
				01EAE710209269B0007DEBCE /* Frameworks */,
				01EAE711209269B0007DEBCE /* CopyFiles */,
			);
			buildRules = (
			);
			dependencies = (
			);
			name = TestingCPP;
			productName = TestingCPP;
			productReference = 01EAE713209269B0007DEBCE /* TestingCPP */;
			productType = "com.apple.product-type.tool";
		};
/* End PBXNativeTarget section */

/* Begin PBXProject section */
		01EAE70B209269B0007DEBCE /* Project object */ = {
			isa = PBXProject;
			attributes = {
				LastUpgradeCheck = 0930;
				ORGANIZATIONNAME = BrandonF;
				TargetAttributes = {
					01EAE712209269B0007DEBCE = {
						CreatedOnToolsVersion = 9.3;
					};
				};
			};
			buildConfigurationList = 01EAE70E209269B0007DEBCE /* Build configuration list for PBXProject "TestingCPP" */;
			compatibilityVersion = "Xcode 9.3";
			developmentRegion = en;
			hasScannedForEncodings = 0;
			knownRegions = (
				en,
			);
			mainGroup = 01EAE70A209269B0007DEBCE;
			productRefGroup = 01EAE714209269B0007DEBCE /* Products */;
			projectDirPath = "";
			projectRoot = "";
			targets = (
				01EAE712209269B0007DEBCE /* TestingCPP */,
			);
		};
/* End PBXProject section */

/* Begin PBXSourcesBuildPhase section */
		01EAE70F209269B0007DEBCE /* Sources */ = {
			isa = PBXSourcesBuildPhase;
			buildActionMask = 2147483647;
			files = (
				01EAE72A20928C11007DEBCE /* FBXHandler_TESTING.cpp in Sources */,
				01EAE717209269B0007DEBCE /* main.cpp in Sources */,
			);
			runOnlyForDeploymentPostprocessing = 0;
		};
/* End PBXSourcesBuildPhase section */

/* Begin XCBuildConfiguration section */
		01EAE718209269B0007DEBCE /* Debug */ = {
			isa = XCBuildConfiguration;
			buildSettings = {
				ALWAYS_SEARCH_USER_PATHS = NO;
				ARCHS = "$(ARCHS_STANDARD)";
				CLANG_ANALYZER_NONNULL = YES;
				CLANG_ANALYZER_NUMBER_OBJECT_CONVERSION = YES_AGGRESSIVE;
				CLANG_CXX_LANGUAGE_STANDARD = "gnu++14";
				CLANG_CXX_LIBRARY = "libc++";
				CLANG_ENABLE_MODULES = YES;
				CLANG_ENABLE_OBJC_ARC = YES;
				CLANG_ENABLE_OBJC_WEAK = YES;
				CLANG_WARN_BLOCK_CAPTURE_AUTORELEASING = YES;
				CLANG_WARN_BOOL_CONVERSION = YES;
				CLANG_WARN_COMMA = YES;
				CLANG_WARN_CONSTANT_CONVERSION = YES;
				CLANG_WARN_DEPRECATED_OBJC_IMPLEMENTATIONS = YES;
				CLANG_WARN_DIRECT_OBJC_ISA_USAGE = YES_ERROR;
				CLANG_WARN_DOCUMENTATION_COMMENTS = NO;
				CLANG_WARN_EMPTY_BODY = YES;
				CLANG_WARN_ENUM_CONVERSION = YES;
				CLANG_WARN_INFINITE_RECURSION = YES;
				CLANG_WARN_INT_CONVERSION = YES;
				CLANG_WARN_NON_LITERAL_NULL_CONVERSION = YES;
				CLANG_WARN_OBJC_IMPLICIT_RETAIN_SELF = YES;
				CLANG_WARN_OBJC_LITERAL_CONVERSION = YES;
				CLANG_WARN_OBJC_ROOT_CLASS = YES_ERROR;
				CLANG_WARN_RANGE_LOOP_ANALYSIS = YES;
				CLANG_WARN_STRICT_PROTOTYPES = YES;
				CLANG_WARN_SUSPICIOUS_MOVE = YES;
				CLANG_WARN_UNGUARDED_AVAILABILITY = YES_AGGRESSIVE;
				CLANG_WARN_UNREACHABLE_CODE = YES;
				CLANG_WARN__DUPLICATE_METHOD_MATCH = YES;
				CODE_SIGN_IDENTITY = "-";
				COPY_PHASE_STRIP = NO;
				DEBUG_INFORMATION_FORMAT = dwarf;
				ENABLE_STRICT_OBJC_MSGSEND = YES;
				ENABLE_TESTABILITY = YES;
				GCC_C_LANGUAGE_STANDARD = gnu11;
				GCC_DYNAMIC_NO_PIC = NO;
				GCC_NO_COMMON_BLOCKS = YES;
				GCC_OPTIMIZATION_LEVEL = 0;
				GCC_PREPROCESSOR_DEFINITIONS = (
					"DEBUG=1",
					"$(inherited)",
				);
				GCC_WARN_64_TO_32_BIT_CONVERSION = YES;
				GCC_WARN_ABOUT_RETURN_TYPE = YES_ERROR;
				GCC_WARN_UNDECLARED_SELECTOR = YES;
				GCC_WARN_UNINITIALIZED_AUTOS = YES_AGGRESSIVE;
				GCC_WARN_UNUSED_FUNCTION = YES;
				GCC_WARN_UNUSED_VARIABLE = YES;
				HEADER_SEARCH_PATHS = "\"/Applications/Autodesk/FBX SDK/2018.1.1/include\"";
				LIBRARY_SEARCH_PATHS = "\"/Applications/Autodesk/FBX SDK/2018.1.1/lib/clang/debug\"";
				MACOSX_DEPLOYMENT_TARGET = 10.13;
				MTL_ENABLE_DEBUG_INFO = YES;
				ONLY_ACTIVE_ARCH = YES;
				SDKROOT = macosx;
			};
			name = Debug;
		};
		01EAE719209269B0007DEBCE /* Release */ = {
			isa = XCBuildConfiguration;
			buildSettings = {
				ALWAYS_SEARCH_USER_PATHS = NO;
				ARCHS = "$(ARCHS_STANDARD)";
				CLANG_ANALYZER_NONNULL = YES;
				CLANG_ANALYZER_NUMBER_OBJECT_CONVERSION = YES_AGGRESSIVE;
				CLANG_CXX_LANGUAGE_STANDARD = "gnu++14";
				CLANG_CXX_LIBRARY = "libc++";
				CLANG_ENABLE_MODULES = YES;
				CLANG_ENABLE_OBJC_ARC = YES;
				CLANG_ENABLE_OBJC_WEAK = YES;
				CLANG_WARN_BLOCK_CAPTURE_AUTORELEASING = YES;
				CLANG_WARN_BOOL_CONVERSION = YES;
				CLANG_WARN_COMMA = YES;
				CLANG_WARN_CONSTANT_CONVERSION = YES;
				CLANG_WARN_DEPRECATED_OBJC_IMPLEMENTATIONS = YES;
				CLANG_WARN_DIRECT_OBJC_ISA_USAGE = YES_ERROR;
				CLANG_WARN_DOCUMENTATION_COMMENTS = NO;
				CLANG_WARN_EMPTY_BODY = YES;
				CLANG_WARN_ENUM_CONVERSION = YES;
				CLANG_WARN_INFINITE_RECURSION = YES;
				CLANG_WARN_INT_CONVERSION = YES;
				CLANG_WARN_NON_LITERAL_NULL_CONVERSION = YES;
				CLANG_WARN_OBJC_IMPLICIT_RETAIN_SELF = YES;
				CLANG_WARN_OBJC_LITERAL_CONVERSION = YES;
				CLANG_WARN_OBJC_ROOT_CLASS = YES_ERROR;
				CLANG_WARN_RANGE_LOOP_ANALYSIS = YES;
				CLANG_WARN_STRICT_PROTOTYPES = YES;
				CLANG_WARN_SUSPICIOUS_MOVE = YES;
				CLANG_WARN_UNGUARDED_AVAILABILITY = YES_AGGRESSIVE;
				CLANG_WARN_UNREACHABLE_CODE = YES;
				CLANG_WARN__DUPLICATE_METHOD_MATCH = YES;
				CODE_SIGN_IDENTITY = "-";
				COPY_PHASE_STRIP = NO;
				DEBUG_INFORMATION_FORMAT = "dwarf-with-dsym";
				ENABLE_NS_ASSERTIONS = NO;
				ENABLE_STRICT_OBJC_MSGSEND = YES;
				GCC_C_LANGUAGE_STANDARD = gnu11;
				GCC_NO_COMMON_BLOCKS = YES;
				GCC_WARN_64_TO_32_BIT_CONVERSION = YES;
				GCC_WARN_ABOUT_RETURN_TYPE = YES_ERROR;
				GCC_WARN_UNDECLARED_SELECTOR = YES;
				GCC_WARN_UNINITIALIZED_AUTOS = YES_AGGRESSIVE;
				GCC_WARN_UNUSED_FUNCTION = YES;
				GCC_WARN_UNUSED_VARIABLE = YES;
				HEADER_SEARCH_PATHS = "\"/Applications/Autodesk/FBX SDK/2018.1.1/include\"";
				LIBRARY_SEARCH_PATHS = "\"/Applications/Autodesk/FBX SDK/2018.1.1/lib/clang/release\"";
				MACOSX_DEPLOYMENT_TARGET = 10.13;
				MTL_ENABLE_DEBUG_INFO = NO;
				SDKROOT = macosx;
			};
			name = Release;
		};
		01EAE71B209269B0007DEBCE /* Debug */ = {
			isa = XCBuildConfiguration;
			buildSettings = {
				CODE_SIGN_STYLE = Automatic;
				PRODUCT_NAME = "$(TARGET_NAME)";
			};
			name = Debug;
		};
		01EAE71C209269B0007DEBCE /* Release */ = {
			isa = XCBuildConfiguration;
			buildSettings = {
				CODE_SIGN_STYLE = Automatic;
				PRODUCT_NAME = "$(TARGET_NAME)";
			};
			name = Release;
		};
/* End XCBuildConfiguration section */

/* Begin XCConfigurationList section */
		01EAE70E209269B0007DEBCE /* Build configuration list for PBXProject "TestingCPP" */ = {
			isa = XCConfigurationList;
			buildConfigurations = (
				01EAE718209269B0007DEBCE /* Debug */,
				01EAE719209269B0007DEBCE /* Release */,
			);
			defaultConfigurationIsVisible = 0;
			defaultConfigurationName = Release;
		};
		01EAE71A209269B0007DEBCE /* Build configuration list for PBXNativeTarget "TestingCPP" */ = {
			isa = XCConfigurationList;
			buildConfigurations = (
				01EAE71B209269B0007DEBCE /* Debug */,
				01EAE71C209269B0007DEBCE /* Release */,
			);
			defaultConfigurationIsVisible = 0;
			defaultConfigurationName = Release;
		};
/* End XCConfigurationList section */
	};
	rootObject = 01EAE70B209269B0007DEBCE /* Project object */;
}
